
Microsoft Visual Studio Solution File, Format Version 12.00
# Visual Studio Version 17
VisualStudioVersion = 17.11.35222.181
MinimumVisualStudioVersion = 10.0.40219.1
Project("{9A19103F-16F7-4668-BE54-9A1E7A4F7556}") = "AvtoService_3cursAA", "AvtoService_3cursAA\AvtoService_3cursAA.csproj", "{1D7606A1-47E0-41EE-9E33-692D303B5E0C}"
EndProject
Global
	GlobalSection(SolutionConfigurationPlatforms) = preSolution
		Debug|Any CPU = Debug|Any CPU
		Release|Any CPU = Release|Any CPU
	EndGlobalSection
	GlobalSection(ProjectConfigurationPlatforms) = postSolution
		{1D7606A1-47E0-41EE-9E33-692D303B5E0C}.Debug|Any CPU.ActiveCfg = Debug|Any CPU
		{1D7606A1-47E0-41EE-9E33-692D303B5E0C}.Debug|Any CPU.Build.0 = Debug|Any CPU
		{1D7606A1-47E0-41EE-9E33-692D303B5E0C}.Release|Any CPU.ActiveCfg = Release|Any CPU
		{1D7606A1-47E0-41EE-9E33-692D303B5E0C}.Release|Any CPU.Build.0 = Release|Any CPU
	EndGlobalSection
	GlobalSection(SolutionProperties) = preSolution
		HideSolutionNode = FALSE
	EndGlobalSection
	GlobalSection(ExtensibilityGlobals) = postSolution
		SolutionGuid = {031270D5-6CF2-43EB-8DA6-9E67FBD85C9A}
	EndGlobalSection
EndGlobal
